
Microsoft Visual Studio Solution File, Format Version 12.00
# Visual Studio Version 17
VisualStudioVersion = 17.11.35208.52
MinimumVisualStudioVersion = 10.0.40219.1
Project("{9A19103F-16F7-4668-BE54-9A1E7A4F7556}") = "WebApplication1", "WebApplication1.csproj", "{2666C4F2-B2DB-47C7-8C1C-B4115AC383DD}"
EndProject
Project("{FAE04EC0-301F-11D3-BF4B-00C04F79EFBC}") = "RoutingProj", "..\RoutingProj\RoutingProj.csproj", "{FB60AEB0-D562-43AF-8147-7841CAEEA616}"
EndProject
Project("{FAE04EC0-301F-11D3-BF4B-00C04F79EFBC}") = "ControllersProj", "..\ControllersProj\ControllersProj.csproj", "{AC2F784E-B1A6-40E1-95AA-894856575FEE}"
EndProject
Global
	GlobalSection(SolutionConfigurationPlatforms) = preSolution
		Debug|Any CPU = Debug|Any CPU
		Release|Any CPU = Release|Any CPU
	EndGlobalSection
	GlobalSection(ProjectConfigurationPlatforms) = postSolution
		{2666C4F2-B2DB-47C7-8C1C-B4115AC383DD}.Debug|Any CPU.ActiveCfg = Debug|Any CPU
		{2666C4F2-B2DB-47C7-8C1C-B4115AC383DD}.Debug|Any CPU.Build.0 = Debug|Any CPU
		{2666C4F2-B2DB-47C7-8C1C-B4115AC383DD}.Release|Any CPU.ActiveCfg = Release|Any CPU
		{2666C4F2-B2DB-47C7-8C1C-B4115AC383DD}.Release|Any CPU.Build.0 = Release|Any CPU
		{FB60AEB0-D562-43AF-8147-7841CAEEA616}.Debug|Any CPU.ActiveCfg = Debug|Any CPU
		{FB60AEB0-D562-43AF-8147-7841CAEEA616}.Debug|Any CPU.Build.0 = Debug|Any CPU
		{FB60AEB0-D562-43AF-8147-7841CAEEA616}.Release|Any CPU.ActiveCfg = Release|Any CPU
		{FB60AEB0-D562-43AF-8147-7841CAEEA616}.Release|Any CPU.Build.0 = Release|Any CPU
		{AC2F784E-B1A6-40E1-95AA-894856575FEE}.Debug|Any CPU.ActiveCfg = Debug|Any CPU
		{AC2F784E-B1A6-40E1-95AA-894856575FEE}.Debug|Any CPU.Build.0 = Debug|Any CPU
		{AC2F784E-B1A6-40E1-95AA-894856575FEE}.Release|Any CPU.ActiveCfg = Release|Any CPU
		{AC2F784E-B1A6-40E1-95AA-894856575FEE}.Release|Any CPU.Build.0 = Release|Any CPU
	EndGlobalSection
	GlobalSection(SolutionProperties) = preSolution
		HideSolutionNode = FALSE
	EndGlobalSection
	GlobalSection(ExtensibilityGlobals) = postSolution
		SolutionGuid = {517E2AC8-9799-4AB0-A322-9550A162E85D}
	EndGlobalSection
EndGlobal
